
Microsoft Visual Studio Solution File, Format Version 12.00
# Visual Studio Version 17
VisualStudioVersion = 17.2.32630.192
MinimumVisualStudioVersion = 10.0.40219.1
Project("{9A19103F-16F7-4668-BE54-9A1E7A4F7556}") = "Calculator", "Calculator\Calculator.csproj", "{5C737E1B-159A-4D34-B247-5220DA586D83}"
EndProject
Project("{FAE04EC0-301F-11D3-BF4B-00C04F79EFBC}") = "CalculatorLibrary", "CalculatorLibrary\CalculatorLibrary.csproj", "{2B501A01-0765-4D5B-8C5B-451BDB6C6230}"
EndProject
Global
	GlobalSection(SolutionConfigurationPlatforms) = preSolution
		Debug|Any CPU = Debug|Any CPU
		Release|Any CPU = Release|Any CPU
	EndGlobalSection
	GlobalSection(ProjectConfigurationPlatforms) = postSolution
		{5C737E1B-159A-4D34-B247-5220DA586D83}.Debug|Any CPU.ActiveCfg = Debug|Any CPU
		{5C737E1B-159A-4D34-B247-5220DA586D83}.Debug|Any CPU.Build.0 = Debug|Any CPU
		{5C737E1B-159A-4D34-B247-5220DA586D83}.Release|Any CPU.ActiveCfg = Release|Any CPU
		{5C737E1B-159A-4D34-B247-5220DA586D83}.Release|Any CPU.Build.0 = Release|Any CPU
		{2B501A01-0765-4D5B-8C5B-451BDB6C6230}.Debug|Any CPU.ActiveCfg = Debug|Any CPU
		{2B501A01-0765-4D5B-8C5B-451BDB6C6230}.Debug|Any CPU.Build.0 = Debug|Any CPU
		{2B501A01-0765-4D5B-8C5B-451BDB6C6230}.Release|Any CPU.ActiveCfg = Release|Any CPU
		{2B501A01-0765-4D5B-8C5B-451BDB6C6230}.Release|Any CPU.Build.0 = Release|Any CPU
	EndGlobalSection
	GlobalSection(SolutionProperties) = preSolution
		HideSolutionNode = FALSE
	EndGlobalSection
	GlobalSection(ExtensibilityGlobals) = postSolution
		SolutionGuid = {AFE288BA-6473-4401-AF5A-9688D119CFD0}
	EndGlobalSection
EndGlobal
